
Microsoft Visual Studio Solution File, Format Version 12.00
# Visual Studio Version 16
VisualStudioVersion = 16.0.30011.22
MinimumVisualStudioVersion = 10.0.40219.1
Project("{FAE04EC0-301F-11D3-BF4B-00C04F79EFBC}") = "ClassToTableApplication", "ClassToTableApplication\ClassToTableApplication.csproj", "{A09CE25E-2991-45AB-898C-2E995A790FCB}"
EndProject
Project("{FAE04EC0-301F-11D3-BF4B-00C04F79EFBC}") = "ObjectModel", "ObjectModel\ObjectModel.csproj", "{67D3A810-38B4-4E78-8BAB-E76133814E23}"
EndProject
Project("{FAE04EC0-301F-11D3-BF4B-00C04F79EFBC}") = "ObjectToSql", "ObjectToSql\ObjectToSql.csproj", "{9C2F3773-D538-4E44-8D00-620084E3169D}"
EndProject
Global
	GlobalSection(SolutionConfigurationPlatforms) = preSolution
		Debug|Any CPU = Debug|Any CPU
		Release|Any CPU = Release|Any CPU
	EndGlobalSection
	GlobalSection(ProjectConfigurationPlatforms) = postSolution
		{A09CE25E-2991-45AB-898C-2E995A790FCB}.Debug|Any CPU.ActiveCfg = Debug|Any CPU
		{A09CE25E-2991-45AB-898C-2E995A790FCB}.Debug|Any CPU.Build.0 = Debug|Any CPU
		{A09CE25E-2991-45AB-898C-2E995A790FCB}.Release|Any CPU.ActiveCfg = Release|Any CPU
		{A09CE25E-2991-45AB-898C-2E995A790FCB}.Release|Any CPU.Build.0 = Release|Any CPU
		{67D3A810-38B4-4E78-8BAB-E76133814E23}.Debug|Any CPU.ActiveCfg = Debug|Any CPU
		{67D3A810-38B4-4E78-8BAB-E76133814E23}.Debug|Any CPU.Build.0 = Debug|Any CPU
		{67D3A810-38B4-4E78-8BAB-E76133814E23}.Release|Any CPU.ActiveCfg = Release|Any CPU
		{67D3A810-38B4-4E78-8BAB-E76133814E23}.Release|Any CPU.Build.0 = Release|Any CPU
		{9C2F3773-D538-4E44-8D00-620084E3169D}.Debug|Any CPU.ActiveCfg = Debug|Any CPU
		{9C2F3773-D538-4E44-8D00-620084E3169D}.Debug|Any CPU.Build.0 = Debug|Any CPU
		{9C2F3773-D538-4E44-8D00-620084E3169D}.Release|Any CPU.ActiveCfg = Release|Any CPU
		{9C2F3773-D538-4E44-8D00-620084E3169D}.Release|Any CPU.Build.0 = Release|Any CPU
	EndGlobalSection
	GlobalSection(SolutionProperties) = preSolution
		HideSolutionNode = FALSE
	EndGlobalSection
	GlobalSection(ExtensibilityGlobals) = postSolution
		SolutionGuid = {CFCA557D-5BD4-4B91-8B21-474E1A97A29B}
	EndGlobalSection
EndGlobal
